
Microsoft Visual Studio Solution File, Format Version 12.00
# Visual Studio Version 17
VisualStudioVersion = 17.5.2.0
MinimumVisualStudioVersion = 10.0.40219.1
Project("{FAE04EC0-301F-11D3-BF4B-00C04F79EFBC}") = "DeathwatchMobile", "DeathwatchMobile.csproj", "{C0A60D66-087F-217D-35E3-426A1446C19C}"
EndProject
Project("{FAE04EC0-301F-11D3-BF4B-00C04F79EFBC}") = "DeathwatchMobile.Tests", "DeathwatchMobile.Tests\DeathwatchMobile.Tests.csproj", "{809C3846-054A-493A-B449-77CD6935FF73}"
EndProject
Global
	GlobalSection(SolutionConfigurationPlatforms) = preSolution
		Debug|Any CPU = Debug|Any CPU
		Debug|x64 = Debug|x64
		Debug|x86 = Debug|x86
		Release|Any CPU = Release|Any CPU
		Release|x64 = Release|x64
		Release|x86 = Release|x86
	EndGlobalSection
	GlobalSection(ProjectConfigurationPlatforms) = postSolution
		{C0A60D66-087F-217D-35E3-426A1446C19C}.Debug|Any CPU.ActiveCfg = Debug|Any CPU
		{C0A60D66-087F-217D-35E3-426A1446C19C}.Debug|Any CPU.Build.0 = Debug|Any CPU
		{C0A60D66-087F-217D-35E3-426A1446C19C}.Debug|x64.ActiveCfg = Debug|Any CPU
		{C0A60D66-087F-217D-35E3-426A1446C19C}.Debug|x64.Build.0 = Debug|Any CPU
		{C0A60D66-087F-217D-35E3-426A1446C19C}.Debug|x86.ActiveCfg = Debug|Any CPU
		{C0A60D66-087F-217D-35E3-426A1446C19C}.Debug|x86.Build.0 = Debug|Any CPU
		{C0A60D66-087F-217D-35E3-426A1446C19C}.Release|Any CPU.ActiveCfg = Release|Any CPU
		{C0A60D66-087F-217D-35E3-426A1446C19C}.Release|Any CPU.Build.0 = Release|Any CPU
		{C0A60D66-087F-217D-35E3-426A1446C19C}.Release|x64.ActiveCfg = Release|Any CPU
		{C0A60D66-087F-217D-35E3-426A1446C19C}.Release|x64.Build.0 = Release|Any CPU
		{C0A60D66-087F-217D-35E3-426A1446C19C}.Release|x86.ActiveCfg = Release|Any CPU
		{C0A60D66-087F-217D-35E3-426A1446C19C}.Release|x86.Build.0 = Release|Any CPU
		{809C3846-054A-493A-B449-77CD6935FF73}.Debug|Any CPU.ActiveCfg = Debug|Any CPU
		{809C3846-054A-493A-B449-77CD6935FF73}.Debug|Any CPU.Build.0 = Debug|Any CPU
		{809C3846-054A-493A-B449-77CD6935FF73}.Debug|x64.ActiveCfg = Debug|Any CPU
		{809C3846-054A-493A-B449-77CD6935FF73}.Debug|x64.Build.0 = Debug|Any CPU
		{809C3846-054A-493A-B449-77CD6935FF73}.Debug|x86.ActiveCfg = Debug|Any CPU
		{809C3846-054A-493A-B449-77CD6935FF73}.Debug|x86.Build.0 = Debug|Any CPU
		{809C3846-054A-493A-B449-77CD6935FF73}.Release|Any CPU.ActiveCfg = Release|Any CPU
		{809C3846-054A-493A-B449-77CD6935FF73}.Release|Any CPU.Build.0 = Release|Any CPU
		{809C3846-054A-493A-B449-77CD6935FF73}.Release|x64.ActiveCfg = Release|Any CPU
		{809C3846-054A-493A-B449-77CD6935FF73}.Release|x64.Build.0 = Release|Any CPU
		{809C3846-054A-493A-B449-77CD6935FF73}.Release|x86.ActiveCfg = Release|Any CPU
		{809C3846-054A-493A-B449-77CD6935FF73}.Release|x86.Build.0 = Release|Any CPU
	EndGlobalSection
	GlobalSection(SolutionProperties) = preSolution
		HideSolutionNode = FALSE
	EndGlobalSection
	GlobalSection(ExtensibilityGlobals) = postSolution
		SolutionGuid = {BC7BBEB0-DFBA-4588-929F-899D95A5A036}
	EndGlobalSection
EndGlobal
